// !$*UTF8*$!
{
	archiveVersion = 1;
	classes = {
	};
	objectVersion = 46;
	objects = {

/* Begin PBXBuildFile section */
		F8405ADD13CDD43B003B14BD /* MockTimerDelegate.m in Sources */ = {isa = PBXBuildFile; fileRef = F8405ADC13CDD43B003B14BD /* MockTimerDelegate.m */; };
		F84D418313C7973600161BBF /* unitTestMain.m in Sources */ = {isa = PBXBuildFile; fileRef = F84D418113C7973100161BBF /* unitTestMain.m */; };
		F88530E013CC85BD0026B42B /* TimerSpec.m in Sources */ = {isa = PBXBuildFile; fileRef = F88530DF13CC85BD0026B42B /* TimerSpec.m */; };
		F88530E313CC86630026B42B /* Timer.m in Sources */ = {isa = PBXBuildFile; fileRef = F88530E213CC86630026B42B /* Timer.m */; };
		F88530E613CC89E30026B42B /* Timer.m in Sources */ = {isa = PBXBuildFile; fileRef = F88530E213CC86630026B42B /* Timer.m */; };
		F89E692C13902DF200B24D7D /* UIKit.framework in Frameworks */ = {isa = PBXBuildFile; fileRef = F89E692B13902DF200B24D7D /* UIKit.framework */; };
		F89E692E13902DF200B24D7D /* Foundation.framework in Frameworks */ = {isa = PBXBuildFile; fileRef = F89E692D13902DF200B24D7D /* Foundation.framework */; };
		F89E693013902DF200B24D7D /* CoreGraphics.framework in Frameworks */ = {isa = PBXBuildFile; fileRef = F89E692F13902DF200B24D7D /* CoreGraphics.framework */; };
		F89E693613902DF200B24D7D /* InfoPlist.strings in Resources */ = {isa = PBXBuildFile; fileRef = F89E693413902DF200B24D7D /* InfoPlist.strings */; };
		F89E693913902DF200B24D7D /* main.m in Sources */ = {isa = PBXBuildFile; fileRef = F89E693813902DF200B24D7D /* main.m */; };
		F89E693C13902DF200B24D7D /* PomodoroAppDelegate.m in Sources */ = {isa = PBXBuildFile; fileRef = F89E693B13902DF200B24D7D /* PomodoroAppDelegate.m */; };
		F89E693F13902DF200B24D7D /* MainWindow.xib in Resources */ = {isa = PBXBuildFile; fileRef = F89E693D13902DF200B24D7D /* MainWindow.xib */; };
		F89E694213902DF200B24D7D /* PomodoroViewController.m in Sources */ = {isa = PBXBuildFile; fileRef = F89E694113902DF200B24D7D /* PomodoroViewController.m */; };
		F89E694513902DF200B24D7D /* PomodoroViewController.xib in Resources */ = {isa = PBXBuildFile; fileRef = F89E694313902DF200B24D7D /* PomodoroViewController.xib */; };
		F89E696313902EDE00B24D7D /* Foundation.framework in Frameworks */ = {isa = PBXBuildFile; fileRef = F89E692D13902DF200B24D7D /* Foundation.framework */; };
		F89E699713902F9B00B24D7D /* OCDSpecDescription.m in Sources */ = {isa = PBXBuildFile; fileRef = F89E698513902F9B00B24D7D /* OCDSpecDescription.m */; };
		F89E699813902F9B00B24D7D /* OCDSpecDescriptionRunner.m in Sources */ = {isa = PBXBuildFile; fileRef = F89E698713902F9B00B24D7D /* OCDSpecDescriptionRunner.m */; };
		F89E699913902F9B00B24D7D /* OCDSpecExample.m in Sources */ = {isa = PBXBuildFile; fileRef = F89E698913902F9B00B24D7D /* OCDSpecExample.m */; };
		F89E699A13902F9B00B24D7D /* OCDSpecExpectation.m in Sources */ = {isa = PBXBuildFile; fileRef = F89E698B13902F9B00B24D7D /* OCDSpecExpectation.m */; };
		F89E699B13902F9B00B24D7D /* OCDSpecFail.m in Sources */ = {isa = PBXBuildFile; fileRef = F89E698D13902F9B00B24D7D /* OCDSpecFail.m */; };
		F89E699C13902F9B00B24D7D /* OCDSpecOutputter+RedirectOutput.m in Sources */ = {isa = PBXBuildFile; fileRef = F89E698F13902F9B00B24D7D /* OCDSpecOutputter+RedirectOutput.m */; };
		F89E699D13902F9B00B24D7D /* OCDSpecOutputter.m in Sources */ = {isa = PBXBuildFile; fileRef = F89E699113902F9B00B24D7D /* OCDSpecOutputter.m */; };
		F89E699E13902F9B00B24D7D /* OCDSpecSharedResults.m in Sources */ = {isa = PBXBuildFile; fileRef = F89E699313902F9B00B24D7D /* OCDSpecSharedResults.m */; };
		F89E69D51390337200B24D7D /* UIKit.framework in Frameworks */ = {isa = PBXBuildFile; fileRef = F89E69D41390337200B24D7D /* UIKit.framework */; };
		F89E69DA1390376C00B24D7D /* RemainingTimeSpec.m in Sources */ = {isa = PBXBuildFile; fileRef = F89E69D91390376C00B24D7D /* RemainingTimeSpec.m */; };
		F89E69DF13903CE100B24D7D /* RemainingTime.m in Sources */ = {isa = PBXBuildFile; fileRef = F89E69DE13903CE000B24D7D /* RemainingTime.m */; };
		F89E69E013903CE100B24D7D /* RemainingTime.m in Sources */ = {isa = PBXBuildFile; fileRef = F89E69DE13903CE000B24D7D /* RemainingTime.m */; };
		F89E6A0E13903E9800B24D7D /* PomodoroViewControllerSpec.m in Sources */ = {isa = PBXBuildFile; fileRef = F89E6A0D13903E9800B24D7D /* PomodoroViewControllerSpec.m */; };
		F89E6A0F1390425A00B24D7D /* PomodoroViewController.m in Sources */ = {isa = PBXBuildFile; fileRef = F89E694113902DF200B24D7D /* PomodoroViewController.m */; };
		F8C60E7613C78F73008EDC3B /* MockRemainingTime.m in Sources */ = {isa = PBXBuildFile; fileRef = F8C60E7513C78F73008EDC3B /* MockRemainingTime.m */; };
		F8EABB7313D0DC6400C98585 /* Comfortaa_Bold.ttf in Resources */ = {isa = PBXBuildFile; fileRef = F8EABB7013D0DC6400C98585 /* Comfortaa_Bold.ttf */; };
		F8EABB7413D0DC6400C98585 /* Comfortaa_Bold.ttf in Resources */ = {isa = PBXBuildFile; fileRef = F8EABB7013D0DC6400C98585 /* Comfortaa_Bold.ttf */; };
		F8EABB7513D0DC6400C98585 /* Comfortaa_Regular.ttf in Resources */ = {isa = PBXBuildFile; fileRef = F8EABB7113D0DC6400C98585 /* Comfortaa_Regular.ttf */; };
		F8EABB7613D0DC6400C98585 /* Comfortaa_Regular.ttf in Resources */ = {isa = PBXBuildFile; fileRef = F8EABB7113D0DC6400C98585 /* Comfortaa_Regular.ttf */; };
		F8EABB7713D0DC6400C98585 /* Comfortaa_Thin.ttf in Resources */ = {isa = PBXBuildFile; fileRef = F8EABB7213D0DC6400C98585 /* Comfortaa_Thin.ttf */; };
		F8EABB7813D0DC6400C98585 /* Comfortaa_Thin.ttf in Resources */ = {isa = PBXBuildFile; fileRef = F8EABB7213D0DC6400C98585 /* Comfortaa_Thin.ttf */; };
/* End PBXBuildFile section */

/* Begin PBXContainerItemProxy section */
		F85F84FE13D4F0E00092996F /* PBXContainerItemProxy */ = {
			isa = PBXContainerItemProxy;
			containerPortal = F89E691E13902DF200B24D7D /* Project object */;
			proxyType = 1;
			remoteGlobalIDString = F89E695F13902EDE00B24D7D;
			remoteInfo = UnitTests;
		};
/* End PBXContainerItemProxy section */

/* Begin PBXFileReference section */
		F8405ADB13CDD43B003B14BD /* MockTimerDelegate.h */ = {isa = PBXFileReference; fileEncoding = 4; lastKnownFileType = sourcecode.c.h; path = MockTimerDelegate.h; sourceTree = SOURCE_ROOT; };
		F8405ADC13CDD43B003B14BD /* MockTimerDelegate.m */ = {isa = PBXFileReference; fileEncoding = 4; lastKnownFileType = sourcecode.c.objc; path = MockTimerDelegate.m; sourceTree = SOURCE_ROOT; };
		F8405ADF13CDD45F003B14BD /* TimerDelegate.h */ = {isa = PBXFileReference; fileEncoding = 4; lastKnownFileType = sourcecode.c.h; path = TimerDelegate.h; sourceTree = "<group>"; };
		F84D418113C7973100161BBF /* unitTestMain.m */ = {isa = PBXFileReference; fileEncoding = 4; lastKnownFileType = sourcecode.c.objc; name = unitTestMain.m; path = Programs/unitTestMain.m; sourceTree = "<group>"; };
		F88530DF13CC85BD0026B42B /* TimerSpec.m */ = {isa = PBXFileReference; fileEncoding = 4; lastKnownFileType = sourcecode.c.objc; name = TimerSpec.m; path = Specs/TimerSpec.m; sourceTree = SOURCE_ROOT; };
		F88530E113CC86630026B42B /* Timer.h */ = {isa = PBXFileReference; fileEncoding = 4; lastKnownFileType = sourcecode.c.h; path = Timer.h; sourceTree = "<group>"; };
		F88530E213CC86630026B42B /* Timer.m */ = {isa = PBXFileReference; fileEncoding = 4; lastKnownFileType = sourcecode.c.objc; path = Timer.m; sourceTree = "<group>"; };
		F89E692713902DF200B24D7D /* Pomodoro.app */ = {isa = PBXFileReference; explicitFileType = wrapper.application; includeInIndex = 0; path = Pomodoro.app; sourceTree = BUILT_PRODUCTS_DIR; };
		F89E692B13902DF200B24D7D /* UIKit.framework */ = {isa = PBXFileReference; lastKnownFileType = wrapper.framework; name = UIKit.framework; path = System/Library/Frameworks/UIKit.framework; sourceTree = SDKROOT; };
		F89E692D13902DF200B24D7D /* Foundation.framework */ = {isa = PBXFileReference; lastKnownFileType = wrapper.framework; name = Foundation.framework; path = System/Library/Frameworks/Foundation.framework; sourceTree = SDKROOT; };
		F89E692F13902DF200B24D7D /* CoreGraphics.framework */ = {isa = PBXFileReference; lastKnownFileType = wrapper.framework; name = CoreGraphics.framework; path = System/Library/Frameworks/CoreGraphics.framework; sourceTree = SDKROOT; };
		F89E693313902DF200B24D7D /* Pomodoro-Info.plist */ = {isa = PBXFileReference; lastKnownFileType = text.plist.xml; path = "Pomodoro-Info.plist"; sourceTree = "<group>"; };
		F89E693513902DF200B24D7D /* en */ = {isa = PBXFileReference; lastKnownFileType = text.plist.strings; name = en; path = en.lproj/InfoPlist.strings; sourceTree = "<group>"; };
		F89E693713902DF200B24D7D /* Pomodoro-Prefix.pch */ = {isa = PBXFileReference; lastKnownFileType = sourcecode.c.h; path = "Pomodoro-Prefix.pch"; sourceTree = "<group>"; };
		F89E693813902DF200B24D7D /* main.m */ = {isa = PBXFileReference; lastKnownFileType = sourcecode.c.objc; path = main.m; sourceTree = "<group>"; };
		F89E693A13902DF200B24D7D /* PomodoroAppDelegate.h */ = {isa = PBXFileReference; lastKnownFileType = sourcecode.c.h; path = PomodoroAppDelegate.h; sourceTree = "<group>"; };
		F89E693B13902DF200B24D7D /* PomodoroAppDelegate.m */ = {isa = PBXFileReference; lastKnownFileType = sourcecode.c.objc; path = PomodoroAppDelegate.m; sourceTree = "<group>"; };
		F89E693E13902DF200B24D7D /* en */ = {isa = PBXFileReference; lastKnownFileType = file.xib; name = en; path = en.lproj/MainWindow.xib; sourceTree = "<group>"; };
		F89E694013902DF200B24D7D /* PomodoroViewController.h */ = {isa = PBXFileReference; lastKnownFileType = sourcecode.c.h; path = PomodoroViewController.h; sourceTree = "<group>"; };
		F89E694113902DF200B24D7D /* PomodoroViewController.m */ = {isa = PBXFileReference; lastKnownFileType = sourcecode.c.objc; path = PomodoroViewController.m; sourceTree = "<group>"; };
		F89E694413902DF200B24D7D /* en */ = {isa = PBXFileReference; lastKnownFileType = file.xib; name = en; path = en.lproj/PomodoroViewController.xib; sourceTree = "<group>"; };
		F89E696013902EDE00B24D7D /* UnitTests.app */ = {isa = PBXFileReference; explicitFileType = wrapper.application; includeInIndex = 0; path = UnitTests.app; sourceTree = BUILT_PRODUCTS_DIR; };
		F89E698313902F9B00B24D7D /* OCDSpec.h */ = {isa = PBXFileReference; fileEncoding = 4; lastKnownFileType = sourcecode.c.h; path = OCDSpec.h; sourceTree = "<group>"; };
		F89E698413902F9B00B24D7D /* OCDSpecDescription.h */ = {isa = PBXFileReference; fileEncoding = 4; lastKnownFileType = sourcecode.c.h; path = OCDSpecDescription.h; sourceTree = "<group>"; };
		F89E698513902F9B00B24D7D /* OCDSpecDescription.m */ = {isa = PBXFileReference; fileEncoding = 4; lastKnownFileType = sourcecode.c.objc; path = OCDSpecDescription.m; sourceTree = "<group>"; };
		F89E698613902F9B00B24D7D /* OCDSpecDescriptionRunner.h */ = {isa = PBXFileReference; fileEncoding = 4; lastKnownFileType = sourcecode.c.h; path = OCDSpecDescriptionRunner.h; sourceTree = "<group>"; };
		F89E698713902F9B00B24D7D /* OCDSpecDescriptionRunner.m */ = {isa = PBXFileReference; fileEncoding = 4; lastKnownFileType = sourcecode.c.objc; path = OCDSpecDescriptionRunner.m; sourceTree = "<group>"; };
		F89E698813902F9B00B24D7D /* OCDSpecExample.h */ = {isa = PBXFileReference; fileEncoding = 4; lastKnownFileType = sourcecode.c.h; path = OCDSpecExample.h; sourceTree = "<group>"; };
		F89E698913902F9B00B24D7D /* OCDSpecExample.m */ = {isa = PBXFileReference; fileEncoding = 4; lastKnownFileType = sourcecode.c.objc; path = OCDSpecExample.m; sourceTree = "<group>"; };
		F89E698A13902F9B00B24D7D /* OCDSpecExpectation.h */ = {isa = PBXFileReference; fileEncoding = 4; lastKnownFileType = sourcecode.c.h; path = OCDSpecExpectation.h; sourceTree = "<group>"; };
		F89E698B13902F9B00B24D7D /* OCDSpecExpectation.m */ = {isa = PBXFileReference; fileEncoding = 4; lastKnownFileType = sourcecode.c.objc; path = OCDSpecExpectation.m; sourceTree = "<group>"; };
		F89E698C13902F9B00B24D7D /* OCDSpecFail.h */ = {isa = PBXFileReference; fileEncoding = 4; lastKnownFileType = sourcecode.c.h; path = OCDSpecFail.h; sourceTree = "<group>"; };
		F89E698D13902F9B00B24D7D /* OCDSpecFail.m */ = {isa = PBXFileReference; fileEncoding = 4; lastKnownFileType = sourcecode.c.objc; path = OCDSpecFail.m; sourceTree = "<group>"; };
		F89E698E13902F9B00B24D7D /* OCDSpecOutputter+RedirectOutput.h */ = {isa = PBXFileReference; fileEncoding = 4; lastKnownFileType = sourcecode.c.h; path = "OCDSpecOutputter+RedirectOutput.h"; sourceTree = "<group>"; };
		F89E698F13902F9B00B24D7D /* OCDSpecOutputter+RedirectOutput.m */ = {isa = PBXFileReference; fileEncoding = 4; lastKnownFileType = sourcecode.c.objc; path = "OCDSpecOutputter+RedirectOutput.m"; sourceTree = "<group>"; };
		F89E699013902F9B00B24D7D /* OCDSpecOutputter.h */ = {isa = PBXFileReference; fileEncoding = 4; lastKnownFileType = sourcecode.c.h; path = OCDSpecOutputter.h; sourceTree = "<group>"; };
		F89E699113902F9B00B24D7D /* OCDSpecOutputter.m */ = {isa = PBXFileReference; fileEncoding = 4; lastKnownFileType = sourcecode.c.objc; path = OCDSpecOutputter.m; sourceTree = "<group>"; };
		F89E699213902F9B00B24D7D /* OCDSpecSharedResults.h */ = {isa = PBXFileReference; fileEncoding = 4; lastKnownFileType = sourcecode.c.h; path = OCDSpecSharedResults.h; sourceTree = "<group>"; };
		F89E699313902F9B00B24D7D /* OCDSpecSharedResults.m */ = {isa = PBXFileReference; fileEncoding = 4; lastKnownFileType = sourcecode.c.objc; path = OCDSpecSharedResults.m; sourceTree = "<group>"; };
		F89E699513902F9B00B24D7D /* DescriptionRunner.h */ = {isa = PBXFileReference; fileEncoding = 4; lastKnownFileType = sourcecode.c.h; path = DescriptionRunner.h; sourceTree = "<group>"; };
		F89E699613902F9B00B24D7D /* Example.h */ = {isa = PBXFileReference; fileEncoding = 4; lastKnownFileType = sourcecode.c.h; path = Example.h; sourceTree = "<group>"; };
		F89E69D41390337200B24D7D /* UIKit.framework */ = {isa = PBXFileReference; lastKnownFileType = wrapper.framework; name = UIKit.framework; path = System/Library/Frameworks/UIKit.framework; sourceTree = SDKROOT; };
		F89E69D91390376C00B24D7D /* RemainingTimeSpec.m */ = {isa = PBXFileReference; fileEncoding = 4; lastKnownFileType = sourcecode.c.objc; name = RemainingTimeSpec.m; path = Specs/RemainingTimeSpec.m; sourceTree = SOURCE_ROOT; };
		F89E69DD13903CE000B24D7D /* RemainingTime.h */ = {isa = PBXFileReference; fileEncoding = 4; lastKnownFileType = sourcecode.c.h; path = RemainingTime.h; sourceTree = "<group>"; };
		F89E69DE13903CE000B24D7D /* RemainingTime.m */ = {isa = PBXFileReference; fileEncoding = 4; lastKnownFileType = sourcecode.c.objc; path = RemainingTime.m; sourceTree = "<group>"; };
		F89E6A0D13903E9800B24D7D /* PomodoroViewControllerSpec.m */ = {isa = PBXFileReference; fileEncoding = 4; lastKnownFileType = sourcecode.c.objc; name = PomodoroViewControllerSpec.m; path = Specs/PomodoroViewControllerSpec.m; sourceTree = SOURCE_ROOT; };
		F8C60E7313C78EB6008EDC3B /* RemainingTimeProtocol.h */ = {isa = PBXFileReference; fileEncoding = 4; lastKnownFileType = sourcecode.c.h; path = RemainingTimeProtocol.h; sourceTree = "<group>"; };
		F8C60E7413C78F73008EDC3B /* MockRemainingTime.h */ = {isa = PBXFileReference; fileEncoding = 4; lastKnownFileType = sourcecode.c.h; path = MockRemainingTime.h; sourceTree = SOURCE_ROOT; };
		F8C60E7513C78F73008EDC3B /* MockRemainingTime.m */ = {isa = PBXFileReference; fileEncoding = 4; lastKnownFileType = sourcecode.c.objc; path = MockRemainingTime.m; sourceTree = SOURCE_ROOT; };
		F8EABB7013D0DC6400C98585 /* Comfortaa_Bold.ttf */ = {isa = PBXFileReference; lastKnownFileType = file; path = Comfortaa_Bold.ttf; sourceTree = "<group>"; };
		F8EABB7113D0DC6400C98585 /* Comfortaa_Regular.ttf */ = {isa = PBXFileReference; lastKnownFileType = file; path = Comfortaa_Regular.ttf; sourceTree = "<group>"; };
		F8EABB7213D0DC6400C98585 /* Comfortaa_Thin.ttf */ = {isa = PBXFileReference; lastKnownFileType = file; path = Comfortaa_Thin.ttf; sourceTree = "<group>"; };
/* End PBXFileReference section */

/* Begin PBXFrameworksBuildPhase section */
		F89E692413902DF200B24D7D /* Frameworks */ = {
			isa = PBXFrameworksBuildPhase;
			buildActionMask = 2147483647;
			files = (
				F89E692C13902DF200B24D7D /* UIKit.framework in Frameworks */,
				F89E692E13902DF200B24D7D /* Foundation.framework in Frameworks */,
				F89E693013902DF200B24D7D /* CoreGraphics.framework in Frameworks */,
			);
			runOnlyForDeploymentPostprocessing = 0;
		};
		F89E695D13902EDE00B24D7D /* Frameworks */ = {
			isa = PBXFrameworksBuildPhase;
			buildActionMask = 2147483647;
			files = (
				F89E69D51390337200B24D7D /* UIKit.framework in Frameworks */,
				F89E696313902EDE00B24D7D /* Foundation.framework in Frameworks */,
			);
			runOnlyForDeploymentPostprocessing = 0;
		};
/* End PBXFrameworksBuildPhase section */

/* Begin PBXGroup section */
		F89E691C13902DF200B24D7D = {
			isa = PBXGroup;
			children = (
				F89E69D41390337200B24D7D /* UIKit.framework */,
				F89E698213902F9B00B24D7D /* OCDSpec */,
				F89E693113902DF200B24D7D /* Pomodoro */,
				F89E696513902EDE00B24D7D /* UnitTests */,
				F89E692A13902DF200B24D7D /* Frameworks */,
				F89E692813902DF200B24D7D /* Products */,
			);
			sourceTree = "<group>";
		};
		F89E692813902DF200B24D7D /* Products */ = {
			isa = PBXGroup;
			children = (
				F89E692713902DF200B24D7D /* Pomodoro.app */,
				F89E696013902EDE00B24D7D /* UnitTests.app */,
			);
			name = Products;
			sourceTree = "<group>";
		};
		F89E692A13902DF200B24D7D /* Frameworks */ = {
			isa = PBXGroup;
			children = (
				F89E692B13902DF200B24D7D /* UIKit.framework */,
				F89E692D13902DF200B24D7D /* Foundation.framework */,
				F89E692F13902DF200B24D7D /* CoreGraphics.framework */,
			);
			name = Frameworks;
			sourceTree = "<group>";
		};
		F89E693113902DF200B24D7D /* Pomodoro */ = {
			isa = PBXGroup;
			children = (
				F89E693A13902DF200B24D7D /* PomodoroAppDelegate.h */,
				F89E693B13902DF200B24D7D /* PomodoroAppDelegate.m */,
				F89E693D13902DF200B24D7D /* MainWindow.xib */,
				F89E694013902DF200B24D7D /* PomodoroViewController.h */,
				F89E694113902DF200B24D7D /* PomodoroViewController.m */,
				F89E694313902DF200B24D7D /* PomodoroViewController.xib */,
				F89E693213902DF200B24D7D /* Supporting Files */,
				F89E69DD13903CE000B24D7D /* RemainingTime.h */,
				F89E69DE13903CE000B24D7D /* RemainingTime.m */,
				F8C60E7313C78EB6008EDC3B /* RemainingTimeProtocol.h */,
				F88530E113CC86630026B42B /* Timer.h */,
				F88530E213CC86630026B42B /* Timer.m */,
				F8405ADF13CDD45F003B14BD /* TimerDelegate.h */,
			);
			path = Pomodoro;
			sourceTree = "<group>";
		};
		F89E693213902DF200B24D7D /* Supporting Files */ = {
			isa = PBXGroup;
			children = (
				F8EABB7013D0DC6400C98585 /* Comfortaa_Bold.ttf */,
				F8EABB7113D0DC6400C98585 /* Comfortaa_Regular.ttf */,
				F8EABB7213D0DC6400C98585 /* Comfortaa_Thin.ttf */,
				F89E693313902DF200B24D7D /* Pomodoro-Info.plist */,
				F89E693413902DF200B24D7D /* InfoPlist.strings */,
				F89E693713902DF200B24D7D /* Pomodoro-Prefix.pch */,
				F89E693813902DF200B24D7D /* main.m */,
			);
			name = "Supporting Files";
			sourceTree = "<group>";
		};
		F89E696513902EDE00B24D7D /* UnitTests */ = {
			isa = PBXGroup;
			children = (
				F8C60E7113C78E94008EDC3B /* Mocks */,
				F89E69D91390376C00B24D7D /* RemainingTimeSpec.m */,
				F89E6A0D13903E9800B24D7D /* PomodoroViewControllerSpec.m */,
				F88530DF13CC85BD0026B42B /* TimerSpec.m */,
			);
			path = UnitTests;
			sourceTree = "<group>";
		};
		F89E698213902F9B00B24D7D /* OCDSpec */ = {
			isa = PBXGroup;
			children = (
				F84D418113C7973100161BBF /* unitTestMain.m */,
				F89E698313902F9B00B24D7D /* OCDSpec.h */,
				F89E698413902F9B00B24D7D /* OCDSpecDescription.h */,
				F89E698513902F9B00B24D7D /* OCDSpecDescription.m */,
				F89E698613902F9B00B24D7D /* OCDSpecDescriptionRunner.h */,
				F89E698713902F9B00B24D7D /* OCDSpecDescriptionRunner.m */,
				F89E698813902F9B00B24D7D /* OCDSpecExample.h */,
				F89E698913902F9B00B24D7D /* OCDSpecExample.m */,
				F89E698A13902F9B00B24D7D /* OCDSpecExpectation.h */,
				F89E698B13902F9B00B24D7D /* OCDSpecExpectation.m */,
				F89E698C13902F9B00B24D7D /* OCDSpecFail.h */,
				F89E698D13902F9B00B24D7D /* OCDSpecFail.m */,
				F89E698E13902F9B00B24D7D /* OCDSpecOutputter+RedirectOutput.h */,
				F89E698F13902F9B00B24D7D /* OCDSpecOutputter+RedirectOutput.m */,
				F89E699013902F9B00B24D7D /* OCDSpecOutputter.h */,
				F89E699113902F9B00B24D7D /* OCDSpecOutputter.m */,
				F89E699213902F9B00B24D7D /* OCDSpecSharedResults.h */,
				F89E699313902F9B00B24D7D /* OCDSpecSharedResults.m */,
				F89E699413902F9B00B24D7D /* Protocols */,
			);
			name = OCDSpec;
			path = OCDSpec/OCDSpec;
			sourceTree = SOURCE_ROOT;
		};
		F89E699413902F9B00B24D7D /* Protocols */ = {
			isa = PBXGroup;
			children = (
				F89E699513902F9B00B24D7D /* DescriptionRunner.h */,
				F89E699613902F9B00B24D7D /* Example.h */,
			);
			path = Protocols;
			sourceTree = "<group>";
		};
		F8C60E7113C78E94008EDC3B /* Mocks */ = {
			isa = PBXGroup;
			children = (
				F8C60E7413C78F73008EDC3B /* MockRemainingTime.h */,
				F8C60E7513C78F73008EDC3B /* MockRemainingTime.m */,
				F8405ADB13CDD43B003B14BD /* MockTimerDelegate.h */,
				F8405ADC13CDD43B003B14BD /* MockTimerDelegate.m */,
			);
			name = Mocks;
			sourceTree = "<group>";
		};
/* End PBXGroup section */

/* Begin PBXNativeTarget section */
		F89E692613902DF200B24D7D /* Pomodoro */ = {
			isa = PBXNativeTarget;
			buildConfigurationList = F89E694813902DF200B24D7D /* Build configuration list for PBXNativeTarget "Pomodoro" */;
			buildPhases = (
				F89E692313902DF200B24D7D /* Sources */,
				F89E692413902DF200B24D7D /* Frameworks */,
				F89E692513902DF200B24D7D /* Resources */,
			);
			buildRules = (
			);
			dependencies = (
				F85F84FF13D4F0E00092996F /* PBXTargetDependency */,
			);
			name = Pomodoro;
			productName = Pomodoro;
			productReference = F89E692713902DF200B24D7D /* Pomodoro.app */;
			productType = "com.apple.product-type.application";
		};
		F89E695F13902EDE00B24D7D /* UnitTests */ = {
			isa = PBXNativeTarget;
			buildConfigurationList = F89E697F13902EDE00B24D7D /* Build configuration list for PBXNativeTarget "UnitTests" */;
			buildPhases = (
				F89E695C13902EDE00B24D7D /* Sources */,
				F89E695D13902EDE00B24D7D /* Frameworks */,
				F89E695E13902EDE00B24D7D /* Resources */,
				F89E69D6139033F200B24D7D /* ShellScript */,
			);
			buildRules = (
			);
			dependencies = (
			);
			name = UnitTests;
			productName = UnitTests;
			productReference = F89E696013902EDE00B24D7D /* UnitTests.app */;
			productType = "com.apple.product-type.application";
		};
/* End PBXNativeTarget section */

/* Begin PBXProject section */
		F89E691E13902DF200B24D7D /* Project object */ = {
			isa = PBXProject;
			attributes = {
				ORGANIZATIONNAME = "8th Light";
			};
			buildConfigurationList = F89E692113902DF200B24D7D /* Build configuration list for PBXProject "Pomodoro" */;
			compatibilityVersion = "Xcode 3.2";
			developmentRegion = English;
			hasScannedForEncodings = 0;
			knownRegions = (
				en,
			);
			mainGroup = F89E691C13902DF200B24D7D;
			productRefGroup = F89E692813902DF200B24D7D /* Products */;
			projectDirPath = "";
			projectRoot = "";
			targets = (
				F89E692613902DF200B24D7D /* Pomodoro */,
				F89E695F13902EDE00B24D7D /* UnitTests */,
			);
		};
/* End PBXProject section */

/* Begin PBXResourcesBuildPhase section */
		F89E692513902DF200B24D7D /* Resources */ = {
			isa = PBXResourcesBuildPhase;
			buildActionMask = 2147483647;
			files = (
				F89E693613902DF200B24D7D /* InfoPlist.strings in Resources */,
				F89E693F13902DF200B24D7D /* MainWindow.xib in Resources */,
				F89E694513902DF200B24D7D /* PomodoroViewController.xib in Resources */,
				F8EABB7313D0DC6400C98585 /* Comfortaa_Bold.ttf in Resources */,
				F8EABB7513D0DC6400C98585 /* Comfortaa_Regular.ttf in Resources */,
				F8EABB7713D0DC6400C98585 /* Comfortaa_Thin.ttf in Resources */,
			);
			runOnlyForDeploymentPostprocessing = 0;
		};
		F89E695E13902EDE00B24D7D /* Resources */ = {
			isa = PBXResourcesBuildPhase;
			buildActionMask = 2147483647;
			files = (
				F8EABB7413D0DC6400C98585 /* Comfortaa_Bold.ttf in Resources */,
				F8EABB7613D0DC6400C98585 /* Comfortaa_Regular.ttf in Resources */,
				F8EABB7813D0DC6400C98585 /* Comfortaa_Thin.ttf in Resources */,
			);
			runOnlyForDeploymentPostprocessing = 0;
		};
/* End PBXResourcesBuildPhase section */

/* Begin PBXShellScriptBuildPhase section */
		F89E69D6139033F200B24D7D /* ShellScript */ = {
			isa = PBXShellScriptBuildPhase;
			buildActionMask = 2147483647;
			files = (
			);
			inputPaths = (
			);
			outputPaths = (
			);
			runOnlyForDeploymentPostprocessing = 0;
			shellPath = /bin/sh;
			shellScript = ./OCDSpec/OCDSpec/Programs/RunIPhoneUnitTest.sh;
		};
/* End PBXShellScriptBuildPhase section */

/* Begin PBXSourcesBuildPhase section */
		F89E692313902DF200B24D7D /* Sources */ = {
			isa = PBXSourcesBuildPhase;
			buildActionMask = 2147483647;
			files = (
				F89E693913902DF200B24D7D /* main.m in Sources */,
				F89E693C13902DF200B24D7D /* PomodoroAppDelegate.m in Sources */,
				F89E694213902DF200B24D7D /* PomodoroViewController.m in Sources */,
				F89E69DF13903CE100B24D7D /* RemainingTime.m in Sources */,
				F88530E313CC86630026B42B /* Timer.m in Sources */,
			);
			runOnlyForDeploymentPostprocessing = 0;
		};
		F89E695C13902EDE00B24D7D /* Sources */ = {
			isa = PBXSourcesBuildPhase;
			buildActionMask = 2147483647;
			files = (
				F88530E613CC89E30026B42B /* Timer.m in Sources */,
				F89E699713902F9B00B24D7D /* OCDSpecDescription.m in Sources */,
				F89E699813902F9B00B24D7D /* OCDSpecDescriptionRunner.m in Sources */,
				F89E699913902F9B00B24D7D /* OCDSpecExample.m in Sources */,
				F89E699A13902F9B00B24D7D /* OCDSpecExpectation.m in Sources */,
				F89E699B13902F9B00B24D7D /* OCDSpecFail.m in Sources */,
				F89E699C13902F9B00B24D7D /* OCDSpecOutputter+RedirectOutput.m in Sources */,
				F89E699D13902F9B00B24D7D /* OCDSpecOutputter.m in Sources */,
				F89E699E13902F9B00B24D7D /* OCDSpecSharedResults.m in Sources */,
				F89E69DA1390376C00B24D7D /* RemainingTimeSpec.m in Sources */,
				F89E69E013903CE100B24D7D /* RemainingTime.m in Sources */,
				F89E6A0E13903E9800B24D7D /* PomodoroViewControllerSpec.m in Sources */,
				F89E6A0F1390425A00B24D7D /* PomodoroViewController.m in Sources */,
				F8C60E7613C78F73008EDC3B /* MockRemainingTime.m in Sources */,
				F84D418313C7973600161BBF /* unitTestMain.m in Sources */,
				F88530E013CC85BD0026B42B /* TimerSpec.m in Sources */,
				F8405ADD13CDD43B003B14BD /* MockTimerDelegate.m in Sources */,
			);
			runOnlyForDeploymentPostprocessing = 0;
		};
/* End PBXSourcesBuildPhase section */

/* Begin PBXTargetDependency section */
		F85F84FF13D4F0E00092996F /* PBXTargetDependency */ = {
			isa = PBXTargetDependency;
			target = F89E695F13902EDE00B24D7D /* UnitTests */;
			targetProxy = F85F84FE13D4F0E00092996F /* PBXContainerItemProxy */;
		};
/* End PBXTargetDependency section */

/* Begin PBXVariantGroup section */
		F89E693413902DF200B24D7D /* InfoPlist.strings */ = {
			isa = PBXVariantGroup;
			children = (
				F89E693513902DF200B24D7D /* en */,
			);
			name = InfoPlist.strings;
			sourceTree = "<group>";
		};
		F89E693D13902DF200B24D7D /* MainWindow.xib */ = {
			isa = PBXVariantGroup;
			children = (
				F89E693E13902DF200B24D7D /* en */,
			);
			name = MainWindow.xib;
			sourceTree = "<group>";
		};
		F89E694313902DF200B24D7D /* PomodoroViewController.xib */ = {
			isa = PBXVariantGroup;
			children = (
				F89E694413902DF200B24D7D /* en */,
			);
			name = PomodoroViewController.xib;
			sourceTree = "<group>";
		};
/* End PBXVariantGroup section */

/* Begin XCBuildConfiguration section */
		F89E694613902DF200B24D7D /* Debug */ = {
			isa = XCBuildConfiguration;
			buildSettings = {
				ARCHS = "$(ARCHS_STANDARD_32_BIT)";
				"CODE_SIGN_IDENTITY[sdk=iphoneos*]" = "iPhone Developer";
				GCC_C_LANGUAGE_STANDARD = gnu99;
				GCC_OPTIMIZATION_LEVEL = 0;
				GCC_PREPROCESSOR_DEFINITIONS = DEBUG;
				GCC_SYMBOLS_PRIVATE_EXTERN = NO;
				GCC_VERSION = com.apple.compilers.llvmgcc42;
				GCC_WARN_ABOUT_RETURN_TYPE = YES;
				GCC_WARN_UNUSED_VARIABLE = YES;
				IPHONEOS_DEPLOYMENT_TARGET = 4.3;
				SDKROOT = iphoneos;
			};
			name = Debug;
		};
		F89E694713902DF200B24D7D /* Release */ = {
			isa = XCBuildConfiguration;
			buildSettings = {
				ARCHS = "$(ARCHS_STANDARD_32_BIT)";
				"CODE_SIGN_IDENTITY[sdk=iphoneos*]" = "iPhone Developer";
				GCC_C_LANGUAGE_STANDARD = gnu99;
				GCC_VERSION = com.apple.compilers.llvmgcc42;
				GCC_WARN_ABOUT_RETURN_TYPE = YES;
				GCC_WARN_UNUSED_VARIABLE = YES;
				IPHONEOS_DEPLOYMENT_TARGET = 4.3;
				OTHER_CFLAGS = "-DNS_BLOCK_ASSERTIONS=1";
				SDKROOT = iphoneos;
			};
			name = Release;
		};
		F89E694913902DF200B24D7D /* Debug */ = {
			isa = XCBuildConfiguration;
			buildSettings = {
				ALWAYS_SEARCH_USER_PATHS = NO;
				COPY_PHASE_STRIP = NO;
				GCC_DYNAMIC_NO_PIC = NO;
				GCC_PRECOMPILE_PREFIX_HEADER = YES;
				GCC_PREFIX_HEADER = "Pomodoro/Pomodoro-Prefix.pch";
				INFOPLIST_FILE = "Pomodoro/Pomodoro-Info.plist";
				PRODUCT_NAME = "$(TARGET_NAME)";
				WRAPPER_EXTENSION = app;
			};
			name = Debug;
		};
		F89E694A13902DF200B24D7D /* Release */ = {
			isa = XCBuildConfiguration;
			buildSettings = {
				ALWAYS_SEARCH_USER_PATHS = NO;
				COPY_PHASE_STRIP = YES;
				GCC_PRECOMPILE_PREFIX_HEADER = YES;
				GCC_PREFIX_HEADER = "Pomodoro/Pomodoro-Prefix.pch";
				INFOPLIST_FILE = "Pomodoro/Pomodoro-Info.plist";
				PRODUCT_NAME = "$(TARGET_NAME)";
				VALIDATE_PRODUCT = YES;
				WRAPPER_EXTENSION = app;
			};
			name = Release;
		};
		F89E698013902EDE00B24D7D /* Debug */ = {
			isa = XCBuildConfiguration;
			buildSettings = {
				ALWAYS_SEARCH_USER_PATHS = NO;
				"CODE_SIGN_IDENTITY[sdk=iphoneos*]" = "iPhone Developer";
				COPY_PHASE_STRIP = NO;
				GCC_DYNAMIC_NO_PIC = NO;
				GCC_PRECOMPILE_PREFIX_HEADER = YES;
				GCC_PREFIX_HEADER = "$(SYSTEM_LIBRARY_DIR)/Frameworks/UIKit.framework/Headers/UIKit.h";
				HEADER_SEARCH_PATHS = "\"$(SOURCE_ROOT)/OCDSpec\"";
				INFOPLIST_FILE = "";
				PRODUCT_NAME = "$(TARGET_NAME)";
				TARGETED_DEVICE_FAMILY = "1,2";
				WRAPPER_EXTENSION = app;
			};
			name = Debug;
		};
		F89E698113902EDE00B24D7D /* Release */ = {
			isa = XCBuildConfiguration;
			buildSettings = {
				ALWAYS_SEARCH_USER_PATHS = NO;
				"CODE_SIGN_IDENTITY[sdk=iphoneos*]" = "iPhone Developer";
				COPY_PHASE_STRIP = YES;
				GCC_PRECOMPILE_PREFIX_HEADER = YES;
				GCC_PREFIX_HEADER = "$(SYSTEM_LIBRARY_DIR)/Frameworks/UIKit.framework/Headers/UIKit.h";
				HEADER_SEARCH_PATHS = "\"$(SOURCE_ROOT)/OCDSpec\"";
				INFOPLIST_FILE = "";
				PRODUCT_NAME = "$(TARGET_NAME)";
				TARGETED_DEVICE_FAMILY = "1,2";
				VALIDATE_PRODUCT = YES;
				WRAPPER_EXTENSION = app;
			};
			name = Release;
		};
/* End XCBuildConfiguration section */

/* Begin XCConfigurationList section */
		F89E692113902DF200B24D7D /* Build configuration list for PBXProject "Pomodoro" */ = {
			isa = XCConfigurationList;
			buildConfigurations = (
				F89E694613902DF200B24D7D /* Debug */,
				F89E694713902DF200B24D7D /* Release */,
			);
			defaultConfigurationIsVisible = 0;
			defaultConfigurationName = Release;
		};
		F89E694813902DF200B24D7D /* Build configuration list for PBXNativeTarget "Pomodoro" */ = {
			isa = XCConfigurationList;
			buildConfigurations = (
				F89E694913902DF200B24D7D /* Debug */,
				F89E694A13902DF200B24D7D /* Release */,
			);
			defaultConfigurationIsVisible = 0;
			defaultConfigurationName = Release;
		};
		F89E697F13902EDE00B24D7D /* Build configuration list for PBXNativeTarget "UnitTests" */ = {
			isa = XCConfigurationList;
			buildConfigurations = (
				F89E698013902EDE00B24D7D /* Debug */,
				F89E698113902EDE00B24D7D /* Release */,
			);
			defaultConfigurationIsVisible = 0;
			defaultConfigurationName = Release;
		};
/* End XCConfigurationList section */
	};
	rootObject = F89E691E13902DF200B24D7D /* Project object */;
}
